
Microsoft Visual Studio Solution File, Format Version 12.00
# Visual Studio Version 17
VisualStudioVersion = 17.8.34511.84
MinimumVisualStudioVersion = 10.0.40219.1
Project("{FAE04EC0-301F-11D3-BF4B-00C04F79EFBC}") = "Programa2", "Programa2\Programa2.csproj", "{005A0868-7C1E-42EC-9E48-33FA9E4D2B6E}"
EndProject
Global
	GlobalSection(SolutionConfigurationPlatforms) = preSolution
		Debug|Any CPU = Debug|Any CPU
		Release|Any CPU = Release|Any CPU
	EndGlobalSection
	GlobalSection(ProjectConfigurationPlatforms) = postSolution
		{005A0868-7C1E-42EC-9E48-33FA9E4D2B6E}.Debug|Any CPU.ActiveCfg = Debug|Any CPU
		{005A0868-7C1E-42EC-9E48-33FA9E4D2B6E}.Debug|Any CPU.Build.0 = Debug|Any CPU
		{005A0868-7C1E-42EC-9E48-33FA9E4D2B6E}.Release|Any CPU.ActiveCfg = Release|Any CPU
		{005A0868-7C1E-42EC-9E48-33FA9E4D2B6E}.Release|Any CPU.Build.0 = Release|Any CPU
	EndGlobalSection
	GlobalSection(SolutionProperties) = preSolution
		HideSolutionNode = FALSE
	EndGlobalSection
	GlobalSection(ExtensibilityGlobals) = postSolution
		SolutionGuid = {DE47BF8C-2FFE-4D74-8A9D-DE5170C99604}
	EndGlobalSection
EndGlobal
